<?xml version="1.0" encoding="utf-8"?>
<Project ToolsVersion="4.0" xmlns="http://schemas.microsoft.com/developer/msbuild/2003">
  <ItemGroup>
    <FxCompile Include="Shader\3d_standard_vs.hlsl">
      <Filter>Shader%28HLSL%29\VS</Filter>
    </FxCompile>
    <FxCompile Include="Shader\cook_torrance_vs.hlsl">
      <Filter>Shader%28HLSL%29\VS</Filter>
    </FxCompile>
    <FxCompile Include="Shader\cpu_particle_vs.hlsl">
      <Filter>Shader%28HLSL%29\VS</Filter>
    </FxCompile>
    <FxCompile Include="Shader\diffuse_vs.hlsl">
      <Filter>Shader%28HLSL%29\VS</Filter>
    </FxCompile>
    <FxCompile Include="Shader\phong_vs.hlsl">
      <Filter>Shader%28HLSL%29\VS</Filter>
    </FxCompile>
    <FxCompile Include="Shader\normal_shadow_depth_extraction_vs.hlsl">
      <Filter>Shader%28HLSL%29\VS</Filter>
    </FxCompile>
    <FxCompile Include="Shader\reflection_mapping_vs.hlsl">
      <Filter>Shader%28HLSL%29\VS</Filter>
    </FxCompile>
    <FxCompile Include="Shader\refraction_mapping_vs.hlsl">
      <Filter>Shader%28HLSL%29\VS</Filter>
    </FxCompile>
    <FxCompile Include="Shader\shadow_map_vs.hlsl">
      <Filter>Shader%28HLSL%29\VS</Filter>
    </FxCompile>
    <FxCompile Include="Shader\single_color_vs.hlsl">
      <Filter>Shader%28HLSL%29\VS</Filter>
    </FxCompile>
    <FxCompile Include="Shader\sky_box_vs.hlsl">
      <Filter>Shader%28HLSL%29\VS</Filter>
    </FxCompile>
    <FxCompile Include="Shader\spot_light_vs.hlsl">
      <Filter>Shader%28HLSL%29\VS</Filter>
    </FxCompile>
    <FxCompile Include="Shader\sprite2d_vs.hlsl">
      <Filter>Shader%28HLSL%29\VS</Filter>
    </FxCompile>
    <FxCompile Include="Shader\toon_vs.hlsl">
      <Filter>Shader%28HLSL%29\VS</Filter>
    </FxCompile>
    <FxCompile Include="Shader\standard_sprite_vs.hlsl">
      <Filter>Shader%28HLSL%29\VS</Filter>
    </FxCompile>
    <FxCompile Include="Shader\3d_standard_ps.hlsl">
      <Filter>Shader%28HLSL%29\PS</Filter>
    </FxCompile>
    <FxCompile Include="Shader\cook_torrance_ps.hlsl">
      <Filter>Shader%28HLSL%29\PS</Filter>
    </FxCompile>
    <FxCompile Include="Shader\convolution_ps.hlsl">
      <Filter>Shader%28HLSL%29\PS</Filter>
    </FxCompile>
    <FxCompile Include="Shader\cpu_particle_ps.hlsl">
      <Filter>Shader%28HLSL%29\PS</Filter>
    </FxCompile>
    <FxCompile Include="Shader\gaussian_blur_convolution_ps.hlsl">
      <Filter>Shader%28HLSL%29\PS</Filter>
    </FxCompile>
    <FxCompile Include="Shader\gaussian_blur_downsampling_ps.hlsl">
      <Filter>Shader%28HLSL%29\PS</Filter>
    </FxCompile>
    <FxCompile Include="Shader\gaussian_blur_horizontal_ps.hlsl">
      <Filter>Shader%28HLSL%29\PS</Filter>
    </FxCompile>
    <FxCompile Include="Shader\gaussian_blur_vertical_ps.hlsl">
      <Filter>Shader%28HLSL%29\PS</Filter>
    </FxCompile>
    <FxCompile Include="Shader\glow_extraction_ps.hlsl">
      <Filter>Shader%28HLSL%29\PS</Filter>
    </FxCompile>
    <FxCompile Include="Shader\normal_shadow_depth_extraction_ps.hlsl">
      <Filter>Shader%28HLSL%29\PS</Filter>
    </FxCompile>
    <FxCompile Include="Shader\monochrome_ps.hlsl">
      <Filter>Shader%28HLSL%29\PS</Filter>
    </FxCompile>
    <FxCompile Include="Shader\outline_extraction_ps.hlsl">
      <Filter>Shader%28HLSL%29\PS</Filter>
    </FxCompile>
    <FxCompile Include="Shader\phong_ps.hlsl">
      <Filter>Shader%28HLSL%29\PS</Filter>
    </FxCompile>
    <FxCompile Include="Shader\reflection_mapping_ps.hlsl">
      <Filter>Shader%28HLSL%29\PS</Filter>
    </FxCompile>
    <FxCompile Include="Shader\refraction_mapping_ps.hlsl">
      <Filter>Shader%28HLSL%29\PS</Filter>
    </FxCompile>
    <FxCompile Include="Shader\shadow_map_ps.hlsl">
      <Filter>Shader%28HLSL%29\PS</Filter>
    </FxCompile>
    <FxCompile Include="Shader\single_color_ps.hlsl">
      <Filter>Shader%28HLSL%29\PS</Filter>
    </FxCompile>
    <FxCompile Include="Shader\sky_box_ps.hlsl">
      <Filter>Shader%28HLSL%29\PS</Filter>
    </FxCompile>
    <FxCompile Include="Shader\sorbel_filter_convolution_ps.hlsl">
      <Filter>Shader%28HLSL%29\PS</Filter>
    </FxCompile>
    <FxCompile Include="Shader\spot_light_ps.hlsl">
      <Filter>Shader%28HLSL%29\PS</Filter>
    </FxCompile>
    <FxCompile Include="Shader\sprite2d_ps.hlsl">
      <Filter>Shader%28HLSL%29\PS</Filter>
    </FxCompile>
    <FxCompile Include="Shader\standard_sprite_ps.hlsl">
      <Filter>Shader%28HLSL%29\PS</Filter>
    </FxCompile>
    <FxCompile Include="Shader\toon_ps.hlsl">
      <Filter>Shader%28HLSL%29\PS</Filter>
    </FxCompile>
    <FxCompile Include="Shader\variance_shadow_depth_extraction_ps.hlsl">
      <Filter>Shader%28HLSL%29\PS</Filter>
    </FxCompile>
    <FxCompile Include="Shader\diffuse_ps.hlsl">
      <Filter>Shader%28HLSL%29\PS</Filter>
    </FxCompile>
    <FxCompile Include="Shader\variance_shadow_depth_extraction_vs.hlsl">
      <Filter>Shader%28HLSL%29\VS</Filter>
    </FxCompile>
    <FxCompile Include="Shader\sample_shader_vs.hlsl">
      <Filter>Shader%28HLSL%29\VS</Filter>
    </FxCompile>
    <FxCompile Include="Shader\sample_shader_ps.hlsl">
      <Filter>Shader%28HLSL%29\PS</Filter>
    </FxCompile>
    <FxCompile Include="Shader\gbuffer_vs.hlsl">
      <Filter>Shader%28HLSL%29\VS</Filter>
    </FxCompile>
    <FxCompile Include="Shader\gbuffer_ps.hlsl">
      <Filter>Shader%28HLSL%29\PS</Filter>
    </FxCompile>
    <FxCompile Include="Shader\image_vs.hlsl">
      <Filter>Shader%28HLSL%29\VS</Filter>
    </FxCompile>
    <FxCompile Include="Shader\gbuffer_lighting_ps.hlsl">
      <Filter>Shader%28HLSL%29\PS</Filter>
    </FxCompile>
    <FxCompile Include="Shader\diffuse_mrt_ps.hlsl">
      <Filter>Shader%28HLSL%29\PS</Filter>
    </FxCompile>
    <FxCompile Include="Shader\metal_mtr_ps.hlsl">
      <Filter>Shader%28HLSL%29\PS</Filter>
    </FxCompile>
    <FxCompile Include="Shader\phong_mtr_ps.hlsl">
      <Filter>Shader%28HLSL%29\PS</Filter>
    </FxCompile>
    <FxCompile Include="Shader\reflection_mapping_mtr_ps.hlsl">
      <Filter>Shader%28HLSL%29\PS</Filter>
    </FxCompile>
    <FxCompile Include="Shader\refraction_mapping_mtr_ps.hlsl">
      <Filter>Shader%28HLSL%29\PS</Filter>
    </FxCompile>
    <FxCompile Include="Shader\sample_shader_mtr_ps.hlsl">
      <Filter>Shader%28HLSL%29\PS</Filter>
    </FxCompile>
    <FxCompile Include="Shader\toon_mtr_ps.hlsl">
      <Filter>Shader%28HLSL%29\PS</Filter>
    </FxCompile>
    <FxCompile Include="Shader\single_color_mtr_ps.hlsl">
      <Filter>Shader%28HLSL%29\PS</Filter>
    </FxCompile>
    <FxCompile Include="Shader\debug_collision_vs.hlsl">
      <Filter>Shader%28HLSL%29\VS</Filter>
    </FxCompile>
    <FxCompile Include="Shader\debug_collision_ps.hlsl">
      <Filter>Shader%28HLSL%29\PS</Filter>
    </FxCompile>
    <FxCompile Include="Shader\billboard_vs.hlsl">
      <Filter>Shader%28HLSL%29\VS</Filter>
    </FxCompile>
    <FxCompile Include="Shader\billboard_ps.hlsl">
      <Filter>Shader%28HLSL%29\PS</Filter>
    </FxCompile>
    <FxCompile Include="Shader\debug_primitive_vs.hlsl">
      <Filter>Shader%28HLSL%29\VS</Filter>
    </FxCompile>
    <FxCompile Include="Shader\debug_primitive_ps.hlsl">
      <Filter>Shader%28HLSL%29\PS</Filter>
    </FxCompile>
  </ItemGroup>
  <ItemGroup>
    <ClCompile Include="Source\Engine\scene.cpp">
      <Filter>Source\Engine\Scene</Filter>
    </ClCompile>
    <ClCompile Include="Source\Engine\scene_game.cpp">
      <Filter>Source\Engine\Scene</Filter>
    </ClCompile>
    <ClCompile Include="Source\Engine\scene_load.cpp">
      <Filter>Source\Engine\Scene</Filter>
    </ClCompile>
    <ClCompile Include="Source\Engine\gaussian_blur.cpp">
      <Filter>Source\Engine\Shader%28.cpp%29</Filter>
    </ClCompile>
    <ClCompile Include="Source\Engine\collision_component.cpp">
      <Filter>Source\Engine\Components</Filter>
    </ClCompile>
    <ClCompile Include="Source\Engine\fbx_model_component.cpp">
      <Filter>Source\Engine\Components</Filter>
    </ClCompile>
    <ClCompile Include="Source\Engine\sky_box.cpp">
      <Filter>Source\Engine\Components</Filter>
    </ClCompile>
    <ClCompile Include="Source\Engine\sphere_collision_component.cpp">
      <Filter>Source\Engine\Components</Filter>
    </ClCompile>
    <ClCompile Include="Source\Engine\transform_component.cpp">
      <Filter>Source\Engine\Components</Filter>
    </ClCompile>
    <ClCompile Include="Source\Engine\anim_sprite.cpp">
      <Filter>Source\Engine\Components</Filter>
    </ClCompile>
    <ClCompile Include="Source\Engine\child_actor_component.cpp">
      <Filter>Source\Engine\Components</Filter>
    </ClCompile>
    <ClCompile Include="Source\Engine\sprite.cpp">
      <Filter>Source\Engine\Components</Filter>
    </ClCompile>
    <ClCompile Include="Libraries\imgui\imgui.cpp">
      <Filter>Source\Engine\ImGui</Filter>
    </ClCompile>
    <ClCompile Include="Libraries\imgui\imgui_draw.cpp">
      <Filter>Source\Engine\ImGui</Filter>
    </ClCompile>
    <ClCompile Include="Libraries\imgui\imgui_demo.cpp">
      <Filter>Source\Engine\ImGui</Filter>
    </ClCompile>
    <ClCompile Include="Libraries\imgui\imgui_impl_dx11.cpp">
      <Filter>Source\Engine\ImGui</Filter>
    </ClCompile>
    <ClCompile Include="Libraries\imgui\imgui_impl_win32.cpp">
      <Filter>Source\Engine\ImGui</Filter>
    </ClCompile>
    <ClCompile Include="Libraries\imgui\imgui_widgets.cpp">
      <Filter>Source\Engine\ImGui</Filter>
    </ClCompile>
    <ClCompile Include="Libraries\imgui\imgui_tables.cpp">
      <Filter>Source\Engine\ImGui</Filter>
    </ClCompile>
    <ClCompile Include="Source\Engine\imgui_manager.cpp">
      <Filter>Source\Engine\ImGui</Filter>
    </ClCompile>
    <ClCompile Include="Source\Engine\mesh_object.cpp">
      <Filter>Source\Engine\Components</Filter>
    </ClCompile>
    <ClCompile Include="Source\Engine\3d_standard.cpp">
      <Filter>Source\Engine\Shader%28.cpp%29</Filter>
    </ClCompile>
    <ClCompile Include="Source\Engine\bloom.cpp">
      <Filter>Source\Engine\Shader%28.cpp%29</Filter>
    </ClCompile>
    <ClCompile Include="Source\Engine\diffuse.cpp">
      <Filter>Source\Engine\Shader%28.cpp%29</Filter>
    </ClCompile>
    <ClCompile Include="Source\Engine\metal.cpp">
      <Filter>Source\Engine\Shader%28.cpp%29</Filter>
    </ClCompile>
    <ClCompile Include="Source\Engine\phong.cpp">
      <Filter>Source\Engine\Shader%28.cpp%29</Filter>
    </ClCompile>
    <ClCompile Include="Source\Engine\reflection_mapping.cpp">
      <Filter>Source\Engine\Shader%28.cpp%29</Filter>
    </ClCompile>
    <ClCompile Include="Source\Engine\shadow_map.cpp">
      <Filter>Source\Engine\Shader%28.cpp%29</Filter>
    </ClCompile>
    <ClCompile Include="Source\Engine\single_color.cpp">
      <Filter>Source\Engine\Shader%28.cpp%29</Filter>
    </ClCompile>
    <ClCompile Include="Source\Engine\sobel_filter.cpp">
      <Filter>Source\Engine\Shader%28.cpp%29</Filter>
    </ClCompile>
    <ClCompile Include="Source\Engine\spot_light.cpp">
      <Filter>Source\Engine\Shader%28.cpp%29</Filter>
    </ClCompile>
    <ClCompile Include="Source\Engine\texture2d_shader.cpp">
      <Filter>Source\Engine\Shader%28.cpp%29</Filter>
    </ClCompile>
    <ClCompile Include="Source\Engine\toon.cpp">
      <Filter>Source\Engine\Shader%28.cpp%29</Filter>
    </ClCompile>
    <ClCompile Include="Source\Engine\standard_sprite.cpp">
      <Filter>Source\Engine\Shader%28.cpp%29</Filter>
    </ClCompile>
    <ClCompile Include="Source\Engine\arithmetic.cpp">
      <Filter>Source\Engine\System</Filter>
    </ClCompile>
    <ClCompile Include="Source\Engine\blend.cpp">
      <Filter>Source\Engine\System</Filter>
    </ClCompile>
    <ClCompile Include="Source\Engine\component_list.cpp">
      <Filter>Source\Engine\System</Filter>
    </ClCompile>
    <ClCompile Include="Source\Engine\depth_stencil.cpp">
      <Filter>Source\Engine\System</Filter>
    </ClCompile>
    <ClCompile Include="Source\Engine\dx11_configurator.cpp">
      <Filter>Source\Engine\System</Filter>
    </ClCompile>
    <ClCompile Include="Source\Engine\ecs.cpp">
      <Filter>Source\Engine\System</Filter>
    </ClCompile>
    <ClCompile Include="Source\Engine\fbx_model_resource.cpp">
      <Filter>Source\Engine\System</Filter>
    </ClCompile>
    <ClCompile Include="Source\Engine\frame_buffer.cpp">
      <Filter>Source\Engine\System</Filter>
    </ClCompile>
    <ClCompile Include="Source\Engine\framework.cpp">
      <Filter>Source\Engine\System</Filter>
    </ClCompile>
    <ClCompile Include="Source\Engine\fullscreen_quad.cpp">
      <Filter>Source\Engine\System</Filter>
    </ClCompile>
    <ClCompile Include="Source\Engine\geometric_primitive_resource.cpp">
      <Filter>Source\Engine\System</Filter>
    </ClCompile>
    <ClCompile Include="Source\Engine\input_device.cpp">
      <Filter>Source\Engine\System</Filter>
    </ClCompile>
    <ClCompile Include="Source\Engine\input_manager.cpp">
      <Filter>Source\Engine\System</Filter>
    </ClCompile>
    <ClCompile Include="Source\Engine\input_system.cpp">
      <Filter>Source\Engine\System</Filter>
    </ClCompile>
    <ClCompile Include="Source\Engine\InputManager.cpp">
      <Filter>Source\Engine\System</Filter>
    </ClCompile>
    <ClCompile Include="Source\Engine\light.cpp">
      <Filter>Source\Engine\System</Filter>
    </ClCompile>
    <ClCompile Include="Source\Engine\Logger.cpp">
      <Filter>Source\Engine\System</Filter>
    </ClCompile>
    <ClCompile Include="Source\Engine\model_data.cpp">
      <Filter>Source\Engine\System</Filter>
    </ClCompile>
    <ClCompile Include="Source\Engine\rasterize.cpp">
      <Filter>Source\Engine\System</Filter>
    </ClCompile>
    <ClCompile Include="Source\Engine\rendering_buffer.cpp">
      <Filter>Source\Engine\System</Filter>
    </ClCompile>
    <ClCompile Include="Source\Engine\resource_manager.cpp">
      <Filter>Source\Engine\System</Filter>
    </ClCompile>
    <ClCompile Include="Source\Engine\sampler.cpp">
      <Filter>Source\Engine\System</Filter>
    </ClCompile>
    <ClCompile Include="Source\Engine\Sound.cpp">
      <Filter>Source\Engine\System</Filter>
    </ClCompile>
    <ClCompile Include="Source\Game\sound_resource.cpp">
      <Filter>Source\Engine\System</Filter>
    </ClCompile>
    <ClCompile Include="Source\Engine\sprite_renderer.cpp">
      <Filter>Source\Engine\System</Filter>
    </ClCompile>
    <ClCompile Include="Source\Engine\texture.cpp">
      <Filter>Source\Engine\System</Filter>
    </ClCompile>
    <ClCompile Include="Source\Engine\window.cpp">
      <Filter>Source\Engine\System</Filter>
    </ClCompile>
    <ClCompile Include="Source\Engine\model_render.cpp">
      <Filter>Source\Engine\Render</Filter>
    </ClCompile>
    <ClCompile Include="Source\Engine\render_path.cpp">
      <Filter>Source\Engine\System</Filter>
    </ClCompile>
    <ClCompile Include="Source\Engine\shader_filename_mapping.cpp">
      <Filter>Source\Engine\System</Filter>
    </ClCompile>
    <ClCompile Include="Source\Engine\depth_map.cpp">
      <Filter>Source\Engine\System</Filter>
    </ClCompile>
    <ClCompile Include="Source\Engine\material_component.cpp">
      <Filter>Source\Engine\Components</Filter>
    </ClCompile>
    <ClCompile Include="Source\Engine\shader_manager.cpp">
      <Filter>Source\Engine\Shader%28.cpp%29\System</Filter>
    </ClCompile>
    <ClCompile Include="Source\Engine\shader.cpp">
      <Filter>Source\Engine\Shader%28.cpp%29\System</Filter>
    </ClCompile>
    <ClCompile Include="Source\Engine\vertex_shader.cpp">
      <Filter>Source\Engine\Shader%28.cpp%29\System</Filter>
    </ClCompile>
    <ClCompile Include="Source\Engine\pixel_shader.cpp">
      <Filter>Source\Engine\Shader%28.cpp%29\System</Filter>
    </ClCompile>
    <ClCompile Include="Source\Engine\texture_resource_manager.cpp">
      <Filter>Source\Engine\System</Filter>
    </ClCompile>
    <ClCompile Include="Source\Engine\shader_asset.cpp">
      <Filter>Source\Engine\Shader%28.cpp%29\System</Filter>
    </ClCompile>
    <ClCompile Include="Source\Engine\pch.cpp">
      <Filter>Source\Engine\System</Filter>
    </ClCompile>
    <ClCompile Include="Source\Engine\material3d_manager.cpp">
      <Filter>Source\Engine\Shader%28.cpp%29\System</Filter>
    </ClCompile>
    <ClCompile Include="Source\Engine\sample_shader.cpp">
      <Filter>Source\Engine\Shader%28.cpp%29</Filter>
    </ClCompile>
    <ClCompile Include="Source\Engine\gbuffer.cpp">
      <Filter>Source\Engine\System</Filter>
    </ClCompile>
    <ClCompile Include="Source\Engine\refraction_mapping.cpp">
      <Filter>Source\Engine\Shader%28.cpp%29</Filter>
    </ClCompile>
    <ClCompile Include="Source\Engine\pbr_material.cpp">
      <Filter>Source\Engine\System</Filter>
    </ClCompile>
    <ClCompile Include="Source\Engine\main.cpp">
      <Filter>Source\Engine</Filter>
    </ClCompile>
    <ClCompile Include="Source\Game\player_component.cpp">
      <Filter>Source\Game\Components</Filter>
    </ClCompile>
    <ClCompile Include="Source\Engine\collision_manager.cpp">
      <Filter>Source\Engine\System</Filter>
    </ClCompile>
    <ClCompile Include="Source\Engine\raycast_component.cpp">
      <Filter>Source\Engine\Components</Filter>
    </ClCompile>
    <ClCompile Include="Source\Engine\actor3d_component.cpp">
      <Filter>Source\Engine\Components</Filter>
    </ClCompile>
    <ClCompile Include="Source\Engine\debug_collision.cpp">
      <Filter>Source\Engine\Shader%28.cpp%29</Filter>
    </ClCompile>
    <ClCompile Include="Source\Engine\local_shader_manager.cpp">
      <Filter>Source\Engine\Shader%28.cpp%29\System</Filter>
    </ClCompile>
    <ClCompile Include="Source\Engine\capsule_collison_component.cpp">
      <Filter>Source\Engine\Components</Filter>
    </ClCompile>
    <ClCompile Include="Source\Engine\camera_component.cpp">
      <Filter>Source\Engine\Components</Filter>
    </ClCompile>
    <ClCompile Include="Source\Engine\rigid_body_component..cpp">
      <Filter>Source\Engine\Components</Filter>
    </ClCompile>
    <ClCompile Include="Source\Game\enemy_base_component.cpp">
      <Filter>Source\Game\Components</Filter>
    </ClCompile>
    <ClCompile Include="Source\Game\enemy_slime_component.cpp">
      <Filter>Source\Game\Components</Filter>
    </ClCompile>
    <ClCompile Include="Source\Engine\physic_material_component.cpp">
      <Filter>Source\Engine\Components</Filter>
    </ClCompile>
    <ClCompile Include="Source\Game\enemy_forest_demon_component.cpp">
      <Filter>Source\Game\Components</Filter>
    </ClCompile>
    <ClCompile Include="Source\Engine\material_discrimination.cpp">
      <Filter>Source\Engine\System</Filter>
    </ClCompile>
    <ClCompile Include="Source\Game\enemy_soldier_component.cpp">
      <Filter>Source\Game\Components</Filter>
    </ClCompile>
    <ClCompile Include="Source\Engine\editor_manager.cpp">
      <Filter>Source\Engine\Editor</Filter>
    </ClCompile>
    <ClCompile Include="Source\Engine\hierarchy.cpp">
      <Filter>Source\Engine\Editor</Filter>
    </ClCompile>
    <ClCompile Include="Source\Engine\inspector.cpp">
      <Filter>Source\Engine\Editor</Filter>
    </ClCompile>
    <ClCompile Include="Source\Engine\content_brawser.cpp">
      <Filter>Source\Engine\Editor</Filter>
    </ClCompile>
    <ClCompile Include="Source\Engine\menu_bar.cpp">
      <Filter>Source\Engine\Editor</Filter>
    </ClCompile>
    <ClCompile Include="Source\Engine\project_view.cpp">
      <Filter>Source\Engine\Editor</Filter>
    </ClCompile>
    <ClCompile Include="Source\Engine\model_loader.cpp">
      <Filter>Source\Engine\Loader</Filter>
    </ClCompile>
    <ClCompile Include="Source\Engine\asset_sheet_manager.cpp">
      <Filter>Source\Engine\Loader</Filter>
    </ClCompile>
    <ClCompile Include="Source\Engine\texture_loader.cpp">
      <Filter>Source\Engine\Loader</Filter>
    </ClCompile>
    <ClCompile Include="Source\Engine\asset_manager.cpp">
      <Filter>Source\Engine\Loader</Filter>
    </ClCompile>
    <ClCompile Include="Source\Engine\material.cpp">
      <Filter>Source\Engine\System</Filter>
    </ClCompile>
    <ClCompile Include="Source\Engine\model.cpp">
      <Filter>Source\Engine\System</Filter>
    </ClCompile>
    <ClCompile Include="Source\Engine\model_component.cpp">
      <Filter>Source\Engine\Components</Filter>
    </ClCompile>
    <ClCompile Include="Source\Engine\graphics_statte.cpp">
      <Filter>Source\Engine\System</Filter>
    </ClCompile>
    <ClCompile Include="Source\Engine\scene_view_camera.cpp">
      <Filter>Source\Engine\System</Filter>
    </ClCompile>
    <ClCompile Include="Source\Engine\scene_view.cpp">
      <Filter>Source\Engine\System</Filter>
    </ClCompile>
    <ClCompile Include="Source\Engine\camera.cpp">
      <Filter>Source\Engine\System</Filter>
    </ClCompile>
    <ClCompile Include="Source\Engine\tool_bar.cpp">
      <Filter>Source\Engine\Editor</Filter>
    </ClCompile>
    <ClCompile Include="Source\Engine\system_inspector.cpp">
      <Filter>Source\Engine\Editor</Filter>
    </ClCompile>
    <ClCompile Include="Source\Engine\game_view.cpp">
      <Filter>Source\Engine\Editor</Filter>
    </ClCompile>
    <ClCompile Include="Libraries\imgui\ImGuizmo\ImGuizmo.cpp">
      <Filter>Source\Engine\ImGui</Filter>
    </ClCompile>
    <ClCompile Include="Source\Engine\material_loader.cpp">
      <Filter>Source\Engine\Loader</Filter>
    </ClCompile>
    <ClCompile Include="Source\Engine\sprite_component.cpp">
      <Filter>Source\Engine\Components</Filter>
    </ClCompile>
    <ClCompile Include="Source\Engine\shader_asset_manager.cpp">
      <Filter>Source\Engine\Shader%28.cpp%29\System</Filter>
    </ClCompile>
    <ClCompile Include="Source\Engine\billboard_component.cpp">
      <Filter>Source\Engine\Components</Filter>
    </ClCompile>
    <ClCompile Include="Source\Engine\billboard.cpp">
      <Filter>Source\Engine\Shader%28.cpp%29</Filter>
    </ClCompile>
    <ClCompile Include="Source\Engine\prefab_loader.cpp">
      <Filter>Source\Engine\Loader</Filter>
    </ClCompile>
    <ClCompile Include="Source\Engine\prefab.cpp">
      <Filter>Source\Engine\System</Filter>
    </ClCompile>
    <ClCompile Include="Source\Engine\scene_loader.cpp">
      <Filter>Source\Engine\Loader</Filter>
    </ClCompile>
    <ClCompile Include="Source\Engine\system.cpp">
      <Filter>Source\Engine\System</Filter>
    </ClCompile>
    <ClCompile Include="Source\Engine\cum_imgui_helper.cpp">
      <Filter>Source\Engine\Helper</Filter>
    </ClCompile>
    <ClCompile Include="Source\Engine\file_path_helper.cpp">
      <Filter>Source\Engine\Helper</Filter>
    </ClCompile>
    <ClCompile Include="Source\Engine\easing.cpp">
      <Filter>Source\Engine\Helper</Filter>
    </ClCompile>
    <ClCompile Include="Source\Engine\string_helper.cpp">
      <Filter>Source\Engine\Helper</Filter>
    </ClCompile>
    <ClCompile Include="Source\Engine\filename_helper.cpp">
      <Filter>Source\Engine\Helper</Filter>
    </ClCompile>
    <ClCompile Include="Source\Engine\generic.cpp">
      <Filter>Source\Engine\System</Filter>
    </ClCompile>
    <ClCompile Include="Source\Engine\hierarchy_component.cpp">
      <Filter>Source\Engine\Components</Filter>
    </ClCompile>
    <ClCompile Include="Source\Engine\component_base.cpp">
      <Filter>Source\Engine\Components</Filter>
    </ClCompile>
    <ClCompile Include="Source\Engine\scene_manager.cpp">
      <Filter>Source\Engine\Scene</Filter>
    </ClCompile>
    <ClCompile Include="Source\Engine\cbuffer_manager.cpp">
      <Filter>Source\Engine\Shader%28.cpp%29\System</Filter>
    </ClCompile>
    <ClCompile Include="Source\Engine\debug_primitive.cpp">
      <Filter>Source\Engine\System</Filter>
    </ClCompile>
    <ClCompile Include="Source\Engine\primitive_data.cpp">
      <Filter>Source\Engine\System</Filter>
    </ClCompile>
    <ClCompile Include="debug_primitive_shader.cpp">
      <Filter>Source\Engine\Shader%28.cpp%29</Filter>
    </ClCompile>
    <ClCompile Include="Source\Engine\wave_system.cpp">
      <Filter>Source\Engine\System</Filter>
    </ClCompile>
  </ItemGroup>
  <ItemGroup>
    <ClInclude Include="Source\Engine\scene.h">
      <Filter>Header\Engine\Scene</Filter>
    </ClInclude>
    <ClInclude Include="Source\Engine\scene_game.h">
      <Filter>Header\Engine\Scene</Filter>
    </ClInclude>
    <ClInclude Include="Source\Engine\scene_load.h">
      <Filter>Header\Engine\Scene</Filter>
    </ClInclude>
    <ClInclude Include="Source\Engine\gaussian_blur.h">
      <Filter>Header\Engine\Shader%28.h%29</Filter>
    </ClInclude>
    <ClInclude Include="Source\Engine\anim_sprite.h">
      <Filter>Header\Engine\Components</Filter>
    </ClInclude>
    <ClInclude Include="Source\Engine\child_actor_component.h">
      <Filter>Header\Engine\Components</Filter>
    </ClInclude>
    <ClInclude Include="Source\Engine\collision_component.h">
      <Filter>Header\Engine\Components</Filter>
    </ClInclude>
    <ClInclude Include="Source\Engine\ecs.h">
      <Filter>Header\Engine\Components</Filter>
    </ClInclude>
    <ClInclude Include="Source\Engine\fbx_model_component.h">
      <Filter>Header\Engine\Components</Filter>
    </ClInclude>
    <ClInclude Include="Source\Engine\sphere_collision_component.h">
      <Filter>Header\Engine\Components</Filter>
    </ClInclude>
    <ClInclude Include="Source\Engine\sprite.h">
      <Filter>Header\Engine\Components</Filter>
    </ClInclude>
    <ClInclude Include="Source\Engine\transform_component.h">
      <Filter>Header\Engine\Components</Filter>
    </ClInclude>
    <ClInclude Include="Libraries\imgui\imconfig.h">
      <Filter>Header\Engine\ImGui</Filter>
    </ClInclude>
    <ClInclude Include="Libraries\imgui\imgui.h">
      <Filter>Header\Engine\ImGui</Filter>
    </ClInclude>
    <ClInclude Include="Source\Engine\imgui_helper.h">
      <Filter>Header\Engine\ImGui</Filter>
    </ClInclude>
    <ClInclude Include="Libraries\imgui\imgui_impl_dx11.h">
      <Filter>Header\Engine\ImGui</Filter>
    </ClInclude>
    <ClInclude Include="Libraries\imgui\imgui_impl_win32.h">
      <Filter>Header\Engine\ImGui</Filter>
    </ClInclude>
    <ClInclude Include="Libraries\imgui\imgui_internal.h">
      <Filter>Header\Engine\ImGui</Filter>
    </ClInclude>
    <ClInclude Include="Source\Engine\imgui_manager.h">
      <Filter>Header\Engine\ImGui</Filter>
    </ClInclude>
    <ClInclude Include="Libraries\imgui\imstb_rectpack.h">
      <Filter>Header\Engine\ImGui</Filter>
    </ClInclude>
    <ClInclude Include="Libraries\imgui\imstb_textedit.h">
      <Filter>Header\Engine\ImGui</Filter>
    </ClInclude>
    <ClInclude Include="Libraries\imgui\imstb_truetype.h">
      <Filter>Header\Engine\ImGui</Filter>
    </ClInclude>
    <ClInclude Include="Source\Engine\mesh_object.h">
      <Filter>Header\Engine\Components</Filter>
    </ClInclude>
    <ClInclude Include="Source\Engine\toon.h">
      <Filter>Header\Engine\Shader%28.h%29</Filter>
    </ClInclude>
    <ClInclude Include="Source\Engine\texture2d_shader.h">
      <Filter>Header\Engine\Shader%28.h%29</Filter>
    </ClInclude>
    <ClInclude Include="Source\Engine\standard_sprite.h">
      <Filter>Header\Engine\Shader%28.h%29</Filter>
    </ClInclude>
    <ClInclude Include="Source\Engine\spot_light.h">
      <Filter>Header\Engine\Shader%28.h%29</Filter>
    </ClInclude>
    <ClInclude Include="Source\Engine\sobel_filter.h">
      <Filter>Header\Engine\Shader%28.h%29</Filter>
    </ClInclude>
    <ClInclude Include="Source\Engine\single_color.h">
      <Filter>Header\Engine\Shader%28.h%29</Filter>
    </ClInclude>
    <ClInclude Include="Source\Engine\shadow_map.h">
      <Filter>Header\Engine\Shader%28.h%29</Filter>
    </ClInclude>
    <ClInclude Include="Source\Engine\reflection_mapping.h">
      <Filter>Header\Engine\Shader%28.h%29</Filter>
    </ClInclude>
    <ClInclude Include="Source\Engine\phong.h">
      <Filter>Header\Engine\Shader%28.h%29</Filter>
    </ClInclude>
    <ClInclude Include="Source\Engine\metal.h">
      <Filter>Header\Engine\Shader%28.h%29</Filter>
    </ClInclude>
    <ClInclude Include="Source\Engine\diffuse.h">
      <Filter>Header\Engine\Shader%28.h%29</Filter>
    </ClInclude>
    <ClInclude Include="Source\Engine\bloom.h">
      <Filter>Header\Engine\Shader%28.h%29</Filter>
    </ClInclude>
    <ClInclude Include="Source\Engine\3d_standard.h">
      <Filter>Header\Engine\Shader%28.h%29</Filter>
    </ClInclude>
    <ClInclude Include="Source\Engine\arithmetic.h">
      <Filter>Header\Engine\System</Filter>
    </ClInclude>
    <ClInclude Include="Source\Engine\component_list.h">
      <Filter>Header\Engine\System</Filter>
    </ClInclude>
    <ClInclude Include="Source\Engine\constant_buffer.h">
      <Filter>Header\Engine\System</Filter>
    </ClInclude>
    <ClInclude Include="Source\Engine\dx11_configurator.h">
      <Filter>Header\Engine\System</Filter>
    </ClInclude>
    <ClInclude Include="Source\Engine\fbx_model_resource.h">
      <Filter>Header\Engine\System</Filter>
    </ClInclude>
    <ClInclude Include="Source\Engine\frame_buffer.h">
      <Filter>Header\Engine\System</Filter>
    </ClInclude>
    <ClInclude Include="Source\Engine\framework.h">
      <Filter>Header\Engine\System</Filter>
    </ClInclude>
    <ClInclude Include="Source\Engine\fullscreen_quad.h">
      <Filter>Header\Engine\System</Filter>
    </ClInclude>
    <ClInclude Include="Source\Engine\generic.h">
      <Filter>Header\Engine\System</Filter>
    </ClInclude>
    <ClInclude Include="Source\Engine\geometric_primitive_resource.h">
      <Filter>Header\Engine\System</Filter>
    </ClInclude>
    <ClInclude Include="Source\Engine\high_resolution_timer.h">
      <Filter>Header\Engine\System</Filter>
    </ClInclude>
    <ClInclude Include="Source\Engine\input_device.h">
      <Filter>Header\Engine\System</Filter>
    </ClInclude>
    <ClInclude Include="Source\Engine\input_system.h">
      <Filter>Header\Engine\System</Filter>
    </ClInclude>
    <ClInclude Include="Source\Engine\light.h">
      <Filter>Header\Engine\System</Filter>
    </ClInclude>
    <ClInclude Include="Source\Engine\locator.h">
      <Filter>Header\Engine\System</Filter>
    </ClInclude>
    <ClInclude Include="Source\Engine\Logger.h">
      <Filter>Header\Engine\System</Filter>
    </ClInclude>
    <ClInclude Include="Source\Engine\Misc.h">
      <Filter>Header\Engine\System</Filter>
    </ClInclude>
    <ClInclude Include="Source\Engine\model_data.h">
      <Filter>Header\Engine\System</Filter>
    </ClInclude>
    <ClInclude Include="Source\Engine\rendering_buffer.h">
      <Filter>Header\Engine\System</Filter>
    </ClInclude>
    <ClInclude Include="Source\Engine\Sound.h">
      <Filter>Header\Engine\System</Filter>
    </ClInclude>
    <ClInclude Include="Source\Game\sound_resource.h">
      <Filter>Header\Engine\System</Filter>
    </ClInclude>
    <ClInclude Include="Source\Engine\sprite_renderer.h">
      <Filter>Header\Engine\System</Filter>
    </ClInclude>
    <ClInclude Include="Source\Engine\state_machine.h">
      <Filter>Header\Engine\System</Filter>
    </ClInclude>
    <ClInclude Include="Source\Engine\texture.h">
      <Filter>Header\Engine\System</Filter>
    </ClInclude>
    <ClInclude Include="Source\Engine\vertex_buffer.h">
      <Filter>Header\Engine\System</Filter>
    </ClInclude>
    <ClInclude Include="Source\Engine\window.h">
      <Filter>Header\Engine\System</Filter>
    </ClInclude>
    <ClInclude Include="Source\Engine\model_render.h">
      <Filter>Header\Engine\Render</Filter>
    </ClInclude>
    <ClInclude Include="Source\Engine\enum_state_map.h">
      <Filter>Header\Engine\System</Filter>
    </ClInclude>
    <ClInclude Include="Source\Engine\component_base.h">
      <Filter>Header\Engine\Components</Filter>
    </ClInclude>
    <ClInclude Include="Source\Engine\render_path.h">
      <Filter>Header\Engine\Render</Filter>
    </ClInclude>
    <ClInclude Include="Source\Engine\depth_map.h">
      <Filter>Header\Engine\System</Filter>
    </ClInclude>
    <ClInclude Include="Source\Engine\type_rename.h">
      <Filter>Header\Engine\System</Filter>
    </ClInclude>
    <ClInclude Include="Source\Engine\sampler_mapping.h">
      <Filter>Header\Engine\System\Mapping</Filter>
    </ClInclude>
    <ClInclude Include="Source\Engine\texture_resource_mapping.h">
      <Filter>Header\Engine\System\Mapping</Filter>
    </ClInclude>
    <ClInclude Include="Source\Engine\shader_filename_mapping.h">
      <Filter>Header\Engine\System\Mapping</Filter>
    </ClInclude>
    <ClInclude Include="Source\Engine\graphics_mapping.h">
      <Filter>Header\Engine\System\Mapping</Filter>
    </ClInclude>
    <ClInclude Include="Source\Engine\rename_type_mapping.h">
      <Filter>Header\Engine\System\Mapping</Filter>
    </ClInclude>
    <ClInclude Include="Source\Engine\sky_box.h">
      <Filter>Header\Engine\Components</Filter>
    </ClInclude>
    <ClInclude Include="Source\Engine\shader_interop.h">
      <Filter>Header\Engine\System\Mapping</Filter>
    </ClInclude>
    <ClInclude Include="Source\Engine\constant_buffer_mapping.h">
      <Filter>Header\Engine\System\Mapping</Filter>
    </ClInclude>
    <ClInclude Include="Source\Engine\shader_interop_renderer.h">
      <Filter>Header\Engine\System\Mapping</Filter>
    </ClInclude>
    <ClInclude Include="Source\Engine\material_component.h">
      <Filter>Header\Engine\Components</Filter>
    </ClInclude>
    <ClInclude Include="Source\Engine\shader_asset_mapping.h">
      <Filter>Header\Engine\System\Mapping</Filter>
    </ClInclude>
    <ClInclude Include="Source\Engine\shader_manager.h">
      <Filter>Header\Engine\Shader%28.h%29\System</Filter>
    </ClInclude>
    <ClInclude Include="Source\Engine\shader.h">
      <Filter>Header\Engine\Shader%28.h%29\System</Filter>
    </ClInclude>
    <ClInclude Include="Source\Engine\vertex_shader.h">
      <Filter>Header\Engine\Shader%28.h%29\System</Filter>
    </ClInclude>
    <ClInclude Include="Source\Engine\pixel_shader.h">
      <Filter>Header\Engine\Shader%28.h%29\System</Filter>
    </ClInclude>
    <ClInclude Include="Source\Engine\shader_asset.h">
      <Filter>Header\Engine\Shader%28.h%29\System</Filter>
    </ClInclude>
    <ClInclude Include="Source\Engine\normal_map_resource.h">
      <Filter>Header\Engine\System</Filter>
    </ClInclude>
    <ClInclude Include="Source\Engine\texture_filename_mapping.h">
      <Filter>Header\Engine\System\Mapping</Filter>
    </ClInclude>
    <ClInclude Include="Source\Engine\easing.h">
      <Filter>Header\Engine\Helper</Filter>
    </ClInclude>
    <ClInclude Include="Source\Engine\string_helper.h">
      <Filter>Header\Engine\Helper</Filter>
    </ClInclude>
    <ClInclude Include="Source\Engine\cum_imgui_helper.h">
      <Filter>Header\Engine\Helper</Filter>
    </ClInclude>
    <ClInclude Include="Source\Engine\pch.h">
      <Filter>Header\Engine\System</Filter>
    </ClInclude>
    <ClInclude Include="Source\Engine\material3d_manager.h">
      <Filter>Header\Engine\Shader%28.h%29\System</Filter>
    </ClInclude>
    <ClInclude Include="Source\Engine\refraction_mapping.h">
      <Filter>Header\Engine\Shader%28.h%29</Filter>
    </ClInclude>
    <ClInclude Include="Source\Engine\sample_shader.h">
      <Filter>Header\Engine\Shader%28.h%29</Filter>
    </ClInclude>
    <ClInclude Include="Source\Engine\gbuffer.h">
      <Filter>Header\Engine\System</Filter>
    </ClInclude>
    <ClInclude Include="Source\Engine\pbr_material.h">
      <Filter>Header\Engine\System</Filter>
    </ClInclude>
    <ClInclude Include="Source\Engine\raycast_component.h">
      <Filter>Header\Engine\Components</Filter>
    </ClInclude>
    <ClInclude Include="Source\Engine\actor3d_component.h">
      <Filter>Header\Engine\Components</Filter>
    </ClInclude>
    <ClInclude Include="Source\Engine\debug_collision.h">
      <Filter>Header\Engine\Shader%28.h%29</Filter>
    </ClInclude>
    <ClInclude Include="Source\Engine\local_shader_manager.h">
      <Filter>Header\Engine\Shader%28.h%29\System</Filter>
    </ClInclude>
    <ClInclude Include="Source\Engine\capsule_collison_component.h">
      <Filter>Header\Engine\Components</Filter>
    </ClInclude>
    <ClInclude Include="Source\Engine\blend.h">
      <Filter>Header\Engine\Graphics_State</Filter>
    </ClInclude>
    <ClInclude Include="Source\Engine\depth_stencil.h">
      <Filter>Header\Engine\Graphics_State</Filter>
    </ClInclude>
    <ClInclude Include="Source\Engine\rasterizer.h">
      <Filter>Header\Engine\Graphics_State</Filter>
    </ClInclude>
    <ClInclude Include="Source\Engine\sampler.h">
      <Filter>Header\Engine\Graphics_State</Filter>
    </ClInclude>
    <ClInclude Include="Source\Engine\cereal_helper.h">
      <Filter>Header\Engine\Helper</Filter>
    </ClInclude>
    <ClInclude Include="Source\Engine\collision_manager.h">
      <Filter>Header\Engine\Manager</Filter>
    </ClInclude>
    <ClInclude Include="Source\Engine\texture_resource_manager.h">
      <Filter>Header\Engine\Manager</Filter>
    </ClInclude>
    <ClInclude Include="Source\Engine\resource_manager.h">
      <Filter>Header\Engine\Manager</Filter>
    </ClInclude>
    <ClInclude Include="Source\Engine\InputManager.h">
      <Filter>Header\Engine\Manager</Filter>
    </ClInclude>
    <ClInclude Include="Source\Engine\input_manager.h">
      <Filter>Header\Engine\Manager</Filter>
    </ClInclude>
    <ClInclude Include="Source\Engine\file_path_helper.h">
      <Filter>Header\Engine\Helper</Filter>
    </ClInclude>
    <ClInclude Include="Source\Engine\camera_component.h">
      <Filter>Header\Engine\Components</Filter>
    </ClInclude>
    <ClInclude Include="Source\Engine\rigid_body_component.h">
      <Filter>Header\Engine\Components</Filter>
    </ClInclude>
    <ClInclude Include="Source\Engine\physic_material_component.h">
      <Filter>Header\Engine\Components</Filter>
    </ClInclude>
    <ClInclude Include="Source\Engine\material_discrimination.h">
      <Filter>Header\Engine\System</Filter>
    </ClInclude>
    <ClInclude Include="Source\Game\enemy_base_component.h">
      <Filter>Header\Game\Components</Filter>
    </ClInclude>
    <ClInclude Include="Source\Game\enemy_forest_demon_component.h">
      <Filter>Header\Game\Components</Filter>
    </ClInclude>
    <ClInclude Include="Source\Game\enemy_slime_component.h">
      <Filter>Header\Game\Components</Filter>
    </ClInclude>
    <ClInclude Include="Source\Game\player_component.h">
      <Filter>Header\Game\Components</Filter>
    </ClInclude>
    <ClInclude Include="Source\Engine\terrain_filename_mapping.h">
      <Filter>Header\Engine\System\Mapping</Filter>
    </ClInclude>
    <ClInclude Include="Source\Engine\collision_name_mapping.h">
      <Filter>Header\Engine\System\Mapping</Filter>
    </ClInclude>
    <ClInclude Include="Source\Game\enemy_soldier_component.h">
      <Filter>Header\Game\Components</Filter>
    </ClInclude>
    <ClInclude Include="Source\Engine\component_tag_mapping.h">
      <Filter>Header\Engine\System\Mapping</Filter>
    </ClInclude>
    <ClInclude Include="Source\Engine\inspector.h">
      <Filter>Header\Engine\Editor</Filter>
    </ClInclude>
    <ClInclude Include="Source\Engine\menu_bar.h">
      <Filter>Header\Engine\Editor</Filter>
    </ClInclude>
    <ClInclude Include="Source\Engine\hierarchy.h">
      <Filter>Header\Engine\Editor</Filter>
    </ClInclude>
    <ClInclude Include="Source\Engine\content_browser.h">
      <Filter>Header\Engine\Editor</Filter>
    </ClInclude>
    <ClInclude Include="Source\Engine\editor_manager.h">
      <Filter>Header\Engine\Editor</Filter>
    </ClInclude>
    <ClInclude Include="Source\Engine\project_view.h">
      <Filter>Header\Engine\Editor</Filter>
    </ClInclude>
    <ClInclude Include="Source\Engine\loader.h">
      <Filter>Header\Engine\Loader</Filter>
    </ClInclude>
    <ClInclude Include="Source\Engine\model_loader.h">
      <Filter>Header\Engine\Loader</Filter>
    </ClInclude>
    <ClInclude Include="Source\Engine\asset_sheet_manager.h">
      <Filter>Header\Engine\Loader</Filter>
    </ClInclude>
    <ClInclude Include="Source\Engine\texture_loader.h">
      <Filter>Header\Engine\Loader</Filter>
    </ClInclude>
    <ClInclude Include="Source\Engine\asset_manager.h">
      <Filter>Header\Engine\Loader</Filter>
    </ClInclude>
    <ClInclude Include="Source\Engine\material.h">
      <Filter>Header\Engine\System</Filter>
    </ClInclude>
    <ClInclude Include="Source\Engine\model.h">
      <Filter>Header\Engine\System</Filter>
    </ClInclude>
    <ClInclude Include="Source\Engine\model_component.h">
      <Filter>Header\Engine\Components</Filter>
    </ClInclude>
    <ClInclude Include="Source\Engine\graphics_state.h">
      <Filter>Header\Engine\System</Filter>
    </ClInclude>
    <ClInclude Include="Source\Engine\scene_view_camera.h">
      <Filter>Header\Engine\System</Filter>
    </ClInclude>
    <ClInclude Include="Source\Engine\scene_view.h">
      <Filter>Header\Engine\Editor</Filter>
    </ClInclude>
    <ClInclude Include="Source\Engine\camera.h">
      <Filter>Header\Engine\System</Filter>
    </ClInclude>
    <ClInclude Include="Source\Engine\tool_bar.h">
      <Filter>Header\Engine\Editor</Filter>
    </ClInclude>
    <ClInclude Include="Source\Engine\system_inspector.h">
      <Filter>Header\Engine\Editor</Filter>
    </ClInclude>
    <ClInclude Include="Source\Engine\game_view.h">
      <Filter>Header\Engine\Editor</Filter>
    </ClInclude>
    <ClInclude Include="Libraries\imgui\ImGuizmo\ImGuizmo.h">
      <Filter>Header\Engine\ImGui</Filter>
    </ClInclude>
    <ClInclude Include="Source\Engine\material_loader.h">
      <Filter>Header\Engine\Loader</Filter>
    </ClInclude>
    <ClInclude Include="Source\Engine\billboard_component.h">
      <Filter>Header\Engine\Components</Filter>
    </ClInclude>
    <ClInclude Include="Source\Engine\sprite_component.h">
      <Filter>Header\Engine\Components</Filter>
    </ClInclude>
    <ClInclude Include="Source\Engine\shader_asset_manager.h">
      <Filter>Header\Engine\Shader%28.h%29\System</Filter>
    </ClInclude>
    <ClInclude Include="Source\Engine\billboard.h">
      <Filter>Header\Engine\Shader%28.h%29</Filter>
    </ClInclude>
    <ClInclude Include="Source\Engine\prefab_loader.h">
      <Filter>Header\Engine\Loader</Filter>
    </ClInclude>
    <ClInclude Include="Source\Engine\prefab.h">
      <Filter>Header\Engine\System</Filter>
    </ClInclude>
    <ClInclude Include="Source\Engine\scene_loader.h">
      <Filter>Header\Engine\Loader</Filter>
    </ClInclude>
    <ClInclude Include="Source\Engine\system.h">
      <Filter>Header\Engine\System</Filter>
    </ClInclude>
    <ClInclude Include="Source\Engine\filename_helper.h">
      <Filter>Header\Engine\Helper</Filter>
    </ClInclude>
    <ClInclude Include="Source\Engine\hierarchy_component.h">
      <Filter>Header\Engine\Components</Filter>
    </ClInclude>
    <ClInclude Include="Source\Engine\wave.h">
      <Filter>Header\Engine\System</Filter>
    </ClInclude>
    <ClInclude Include="Source\Engine\scene_manager.h">
      <Filter>Header\Engine\Scene</Filter>
    </ClInclude>
    <ClInclude Include="Source\Engine\debug_primitive.h">
      <Filter>Header\Engine\System</Filter>
    </ClInclude>
    <ClInclude Include="Source\Engine\cbuffer_manager.h">
      <Filter>Header\Engine\Shader%28.h%29\System</Filter>
    </ClInclude>
    <ClInclude Include="Source\Engine\debug_primitive_shader.h">
      <Filter>Header\Engine\Shader%28.h%29</Filter>
    </ClInclude>
    <ClInclude Include="Source\Engine\primitive_data.h">
      <Filter>Header\Engine\System</Filter>
    </ClInclude>
    <ClInclude Include="Source\Engine\event.h">
      <Filter>Header\Engine\System</Filter>
    </ClInclude>
    <ClInclude Include="Source\Engine\wave_system.h">
      <Filter>Header\Engine\System</Filter>
    </ClInclude>
  </ItemGroup>
  <ItemGroup>
    <ResourceCompile Include="Cumulonimbus.rc" />
  </ItemGroup>
  <ItemGroup>
    <None Include="ClassDiagram.cd" />
    <None Include="Shader\bloom.hlsli">
      <Filter>Shader%28HLSL%29\HF</Filter>
    </None>
    <None Include="Shader\cook_torrance.hlsli">
      <Filter>Shader%28HLSL%29\HF</Filter>
    </None>
    <None Include="Shader\diffuse.hlsli">
      <Filter>Shader%28HLSL%29\HF</Filter>
    </None>
    <None Include="Shader\functions.hlsli">
      <Filter>Shader%28HLSL%29\HF</Filter>
    </None>
    <None Include="Shader\general.hlsli">
      <Filter>Shader%28HLSL%29\HF</Filter>
    </None>
    <None Include="Shader\globals.hlsli">
      <Filter>Shader%28HLSL%29\HF</Filter>
    </None>
    <None Include="Shader\monochrome.hlsli">
      <Filter>Shader%28HLSL%29\HF</Filter>
    </None>
    <None Include="Shader\phong.hlsli">
      <Filter>Shader%28HLSL%29\HF</Filter>
    </None>
    <None Include="Shader\shader_resource_mapping.hlsli">
      <Filter>Shader%28HLSL%29\HF</Filter>
    </None>
    <None Include="Shader\shadow_functions.hlsli">
      <Filter>Shader%28HLSL%29\HF</Filter>
    </None>
    <None Include="Shader\shadow_map.hlsli">
      <Filter>Shader%28HLSL%29\HF</Filter>
    </None>
    <None Include="Shader\single_color.hlsli">
      <Filter>Shader%28HLSL%29\HF</Filter>
    </None>
    <None Include="Shader\sorbel_filter.hlsli">
      <Filter>Shader%28HLSL%29\HF</Filter>
    </None>
    <None Include="Shader\spot_light.hlsli">
      <Filter>Shader%28HLSL%29\HF</Filter>
    </None>
    <None Include="Shader\sprite2d.hlsli">
      <Filter>Shader%28HLSL%29\HF</Filter>
    </None>
    <None Include="Shader\toon.hlsli">
      <Filter>Shader%28HLSL%29\HF</Filter>
    </None>
    <None Include="Shader\functions_utility.hlsli">
      <Filter>Shader%28HLSL%29\HF</Filter>
    </None>
    <None Include="Shader\functions_lighting.hlsli">
      <Filter>Shader%28HLSL%29\HF</Filter>
    </None>
  </ItemGroup>
  <ItemGroup>
    <Filter Include="Header">
      <UniqueIdentifier>{97dea645-7d05-42dc-a5fc-5adf43230565}</UniqueIdentifier>
    </Filter>
    <Filter Include="Source">
      <UniqueIdentifier>{7b4008a3-d933-4f8a-b221-466608937025}</UniqueIdentifier>
    </Filter>
    <Filter Include="Shader%28HLSL%29">
      <UniqueIdentifier>{502b13e1-5329-4d21-9ab3-7b11b51e65a7}</UniqueIdentifier>
    </Filter>
    <Filter Include="Shader%28HLSL%29\VS">
      <UniqueIdentifier>{5f97243d-ddd1-4849-b3fb-ba6b9c46c3d3}</UniqueIdentifier>
    </Filter>
    <Filter Include="Shader%28HLSL%29\PS">
      <UniqueIdentifier>{1cddda7f-5162-4b0c-b24f-fe40910f8adb}</UniqueIdentifier>
    </Filter>
    <Filter Include="Shader%28HLSL%29\HF">
      <UniqueIdentifier>{ded5ad76-82b3-454e-aa8e-80813837481d}</UniqueIdentifier>
    </Filter>
    <Filter Include="Shader%28HLSL%29\CS">
      <UniqueIdentifier>{3fec1b3a-5e9d-4078-8212-5812449ea139}</UniqueIdentifier>
    </Filter>
    <Filter Include="Source\Engine">
      <UniqueIdentifier>{be2bc40f-5a94-4726-ade7-0e398cd4ec45}</UniqueIdentifier>
    </Filter>
    <Filter Include="Source\Engine\Components">
      <UniqueIdentifier>{8984d312-d21d-46d4-912c-aabc6c96287a}</UniqueIdentifier>
    </Filter>
    <Filter Include="Source\Engine\ImGui">
      <UniqueIdentifier>{73fe82e0-36fd-44ea-b9f1-bcc6bbc349ce}</UniqueIdentifier>
    </Filter>
    <Filter Include="Source\Engine\Render">
      <UniqueIdentifier>{7077093f-e2f3-4b41-807a-eece399727e9}</UniqueIdentifier>
    </Filter>
    <Filter Include="Source\Engine\Scene">
      <UniqueIdentifier>{62c5f888-7585-43e5-a489-4810e47b39db}</UniqueIdentifier>
    </Filter>
    <Filter Include="Source\Engine\Shader%28.cpp%29">
      <UniqueIdentifier>{9caec17c-7fc9-4117-8575-ed9a48531c9b}</UniqueIdentifier>
    </Filter>
    <Filter Include="Source\Engine\Shader%28.cpp%29\System">
      <UniqueIdentifier>{6befa1f9-9451-4628-83ee-660e5eba045a}</UniqueIdentifier>
    </Filter>
    <Filter Include="Source\Engine\System">
      <UniqueIdentifier>{a2d7d88c-9d13-48d3-94ad-f17b58026e2a}</UniqueIdentifier>
    </Filter>
    <Filter Include="Source\Game">
      <UniqueIdentifier>{ec4477aa-fbd4-4699-a44e-a9d18e86d626}</UniqueIdentifier>
    </Filter>
    <Filter Include="Source\Game\Components">
      <UniqueIdentifier>{63e41039-6373-443f-9dcb-a19c6830f2db}</UniqueIdentifier>
    </Filter>
    <Filter Include="Header\Engine">
      <UniqueIdentifier>{5e317fd8-d6c8-4195-bf5c-e171a15137e7}</UniqueIdentifier>
    </Filter>
    <Filter Include="Header\Engine\Components">
      <UniqueIdentifier>{28841f96-02a3-4ac3-93de-143b3b64df4a}</UniqueIdentifier>
    </Filter>
    <Filter Include="Header\Engine\Helper">
      <UniqueIdentifier>{2c5e9954-c4ee-4b86-920e-d520966105c9}</UniqueIdentifier>
    </Filter>
    <Filter Include="Header\Engine\ImGui">
      <UniqueIdentifier>{7a8b2c0f-8b33-4638-97f9-8c7cf8099501}</UniqueIdentifier>
    </Filter>
    <Filter Include="Header\Engine\Render">
      <UniqueIdentifier>{bd615eb2-0ac7-4cd7-9306-0af089fc8c29}</UniqueIdentifier>
    </Filter>
    <Filter Include="Header\Engine\Scene">
      <UniqueIdentifier>{fdb9ee14-712f-404b-aa91-9250cc62dfdd}</UniqueIdentifier>
    </Filter>
    <Filter Include="Header\Engine\Shader%28.h%29">
      <UniqueIdentifier>{9055ecd8-3f54-4989-8ba7-9c486755e70d}</UniqueIdentifier>
    </Filter>
    <Filter Include="Header\Engine\Shader%28.h%29\System">
      <UniqueIdentifier>{5e337ae4-2443-41ab-82fa-54e9a430b2a8}</UniqueIdentifier>
    </Filter>
    <Filter Include="Header\Engine\System">
      <UniqueIdentifier>{d757200f-4014-4ab9-895d-5a0c27104d20}</UniqueIdentifier>
    </Filter>
    <Filter Include="Header\Engine\System\Mapping">
      <UniqueIdentifier>{bda1b557-cfe0-41a5-b9e9-7d017a13d137}</UniqueIdentifier>
    </Filter>
    <Filter Include="Header\Game">
      <UniqueIdentifier>{29cd19ed-39e6-4fe2-8468-edd702ef246c}</UniqueIdentifier>
    </Filter>
    <Filter Include="Header\Engine\Graphics_State">
      <UniqueIdentifier>{afb46666-4e94-4d00-9c4b-1c5ef88313d9}</UniqueIdentifier>
    </Filter>
    <Filter Include="Header\Engine\Manager">
      <UniqueIdentifier>{81860592-f47f-4ddb-9485-408911fe663e}</UniqueIdentifier>
    </Filter>
    <Filter Include="Header\Game\Components">
      <UniqueIdentifier>{97f20554-620d-46b4-8ef2-51d339dda384}</UniqueIdentifier>
    </Filter>
    <Filter Include="Header\Engine\Editor">
      <UniqueIdentifier>{4a69d3be-197c-41f9-aefa-db655edc63be}</UniqueIdentifier>
    </Filter>
    <Filter Include="Source\Engine\Editor">
      <UniqueIdentifier>{19646e92-0026-4d19-baf0-fec442388c7c}</UniqueIdentifier>
    </Filter>
    <Filter Include="Header\Engine\Loader">
      <UniqueIdentifier>{9eb1d743-ca80-4d11-a5aa-befb0a215ce5}</UniqueIdentifier>
    </Filter>
    <Filter Include="Source\Engine\Loader">
      <UniqueIdentifier>{f725f828-e4b4-4a47-a8b8-b1a504ad3ffd}</UniqueIdentifier>
    </Filter>
    <Filter Include="Source\Engine\Helper">
      <UniqueIdentifier>{334f6bc4-557b-4d65-a850-2872d175b01d}</UniqueIdentifier>
    </Filter>
    <Filter Include="Header\Game\System">
      <UniqueIdentifier>{f9bede24-08b9-44d5-9327-aad2412279d6}</UniqueIdentifier>
    </Filter>
    <Filter Include="Source\Game\System">
      <UniqueIdentifier>{0ee8cb65-a758-4342-a4ba-dd4ebf85d686}</UniqueIdentifier>
    </Filter>
  </ItemGroup>
</Project>