<?xml version="1.0" encoding="utf-8"?>
<Project ToolsVersion="4.0" xmlns="http://schemas.microsoft.com/developer/msbuild/2003">
  <ItemGroup>
    <FxCompile Include="Shader\3d_standard_ps.hlsl">
      <Filter>Shader%28HLSL%29</Filter>
    </FxCompile>
    <FxCompile Include="Shader\3d_standard_vs.hlsl">
      <Filter>Shader%28HLSL%29</Filter>
    </FxCompile>
    <FxCompile Include="Shader\convolution_ps.hlsl">
      <Filter>Shader%28HLSL%29</Filter>
    </FxCompile>
    <FxCompile Include="Shader\cook_torrance_ps.hlsl">
      <Filter>Shader%28HLSL%29</Filter>
    </FxCompile>
    <FxCompile Include="Shader\cook_torrance_vs.hlsl">
      <Filter>Shader%28HLSL%29</Filter>
    </FxCompile>
    <FxCompile Include="Shader\cpu_particle_ps.hlsl">
      <Filter>Shader%28HLSL%29</Filter>
    </FxCompile>
    <FxCompile Include="Shader\cpu_particle_vs.hlsl">
      <Filter>Shader%28HLSL%29</Filter>
    </FxCompile>
    <FxCompile Include="Shader\diffuse_ps.hlsl">
      <Filter>Shader%28HLSL%29</Filter>
    </FxCompile>
    <FxCompile Include="Shader\diffuse_vs.hlsl">
      <Filter>Shader%28HLSL%29</Filter>
    </FxCompile>
    <FxCompile Include="Shader\gaussian_blur_convolution_ps.hlsl">
      <Filter>Shader%28HLSL%29</Filter>
    </FxCompile>
    <FxCompile Include="Shader\gaussian_blur_downsampling_ps.hlsl">
      <Filter>Shader%28HLSL%29</Filter>
    </FxCompile>
    <FxCompile Include="Shader\gaussian_blur_horizontal_ps.hlsl">
      <Filter>Shader%28HLSL%29</Filter>
    </FxCompile>
    <FxCompile Include="Shader\gaussian_blur_vertical_ps.hlsl">
      <Filter>Shader%28HLSL%29</Filter>
    </FxCompile>
    <FxCompile Include="Shader\glow_extraction_ps.hlsl">
      <Filter>Shader%28HLSL%29</Filter>
    </FxCompile>
    <FxCompile Include="Shader\monochrome_ps.hlsl">
      <Filter>Shader%28HLSL%29</Filter>
    </FxCompile>
    <FxCompile Include="Shader\outline_extraction_ps.hlsl">
      <Filter>Shader%28HLSL%29</Filter>
    </FxCompile>
    <FxCompile Include="Shader\phong_ps.hlsl">
      <Filter>Shader%28HLSL%29</Filter>
    </FxCompile>
    <FxCompile Include="Shader\phong_vs.hlsl">
      <Filter>Shader%28HLSL%29</Filter>
    </FxCompile>
    <FxCompile Include="Shader\reflection_mapping_ps.hlsl">
      <Filter>Shader%28HLSL%29</Filter>
    </FxCompile>
    <FxCompile Include="Shader\reflection_mapping_vs.hlsl">
      <Filter>Shader%28HLSL%29</Filter>
    </FxCompile>
    <FxCompile Include="Shader\refraction_mapping_ps.hlsl">
      <Filter>Shader%28HLSL%29</Filter>
    </FxCompile>
    <FxCompile Include="Shader\refraction_mapping_vs.hlsl">
      <Filter>Shader%28HLSL%29</Filter>
    </FxCompile>
    <FxCompile Include="Shader\shadow_map_ps.hlsl">
      <Filter>Shader%28HLSL%29</Filter>
    </FxCompile>
    <FxCompile Include="Shader\shadow_map_vs.hlsl">
      <Filter>Shader%28HLSL%29</Filter>
    </FxCompile>
    <FxCompile Include="Shader\single_color_ps.hlsl">
      <Filter>Shader%28HLSL%29</Filter>
    </FxCompile>
    <FxCompile Include="Shader\single_color_vs.hlsl">
      <Filter>Shader%28HLSL%29</Filter>
    </FxCompile>
    <FxCompile Include="Shader\sky_box_ps.hlsl">
      <Filter>Shader%28HLSL%29</Filter>
    </FxCompile>
    <FxCompile Include="Shader\sky_box_vs.hlsl">
      <Filter>Shader%28HLSL%29</Filter>
    </FxCompile>
    <FxCompile Include="Shader\sorbel_filter_convolution_ps.hlsl">
      <Filter>Shader%28HLSL%29</Filter>
    </FxCompile>
    <FxCompile Include="Shader\spot_light_ps.hlsl">
      <Filter>Shader%28HLSL%29</Filter>
    </FxCompile>
    <FxCompile Include="Shader\spot_light_vs.hlsl">
      <Filter>Shader%28HLSL%29</Filter>
    </FxCompile>
    <FxCompile Include="Shader\sprite2d_ps.hlsl">
      <Filter>Shader%28HLSL%29</Filter>
    </FxCompile>
    <FxCompile Include="Shader\sprite2d_vs.hlsl">
      <Filter>Shader%28HLSL%29</Filter>
    </FxCompile>
    <FxCompile Include="Shader\standard_sprite_ps.hlsl">
      <Filter>Shader%28HLSL%29</Filter>
    </FxCompile>
    <FxCompile Include="Shader\standard_sprite_vs.hlsl">
      <Filter>Shader%28HLSL%29</Filter>
    </FxCompile>
    <FxCompile Include="Shader\toon_ps.hlsl">
      <Filter>Shader%28HLSL%29</Filter>
    </FxCompile>
    <FxCompile Include="Shader\toon_vs.hlsl">
      <Filter>Shader%28HLSL%29</Filter>
    </FxCompile>
    <FxCompile Include="Shader\normal_shadow_depth_extraction_ps.hlsl">
      <Filter>Shader%28HLSL%29</Filter>
    </FxCompile>
    <FxCompile Include="Shader\normal_shadow_depth_extraction_vs.hlsl">
      <Filter>Shader%28HLSL%29</Filter>
    </FxCompile>
    <FxCompile Include="Shader\variance_shadow_depth_extraction_vs.hlsl">
      <Filter>Shader%28HLSL%29</Filter>
    </FxCompile>
    <FxCompile Include="Shader\variance_shadow_depth_extraction_ps.hlsl">
      <Filter>Shader%28HLSL%29</Filter>
    </FxCompile>
  </ItemGroup>
  <ItemGroup>
    <ClCompile Include="Source\Engine\scene.cpp">
      <Filter>Source\Scene</Filter>
    </ClCompile>
    <ClCompile Include="Source\Engine\scene_game.cpp">
      <Filter>Source\Scene</Filter>
    </ClCompile>
    <ClCompile Include="Source\Engine\scene_load.cpp">
      <Filter>Source\Scene</Filter>
    </ClCompile>
    <ClCompile Include="Source\Engine\scene_title.cpp">
      <Filter>Source\Scene</Filter>
    </ClCompile>
    <ClCompile Include="Source\Engine\scene_tutorial.cpp">
      <Filter>Source\Scene</Filter>
    </ClCompile>
    <ClCompile Include="Source\scene01.cpp">
      <Filter>Source\Scene</Filter>
    </ClCompile>
    <ClCompile Include="Source\scene02.cpp">
      <Filter>Source\Scene</Filter>
    </ClCompile>
    <ClCompile Include="Source\scene03.cpp">
      <Filter>Source\Scene</Filter>
    </ClCompile>
    <ClCompile Include="Source\Engine\gaussian_blur.cpp">
      <Filter>Source\Shader%28.cpp%29</Filter>
    </ClCompile>
    <ClCompile Include="Source\Engine\actor_component.cpp">
      <Filter>Source\Components</Filter>
    </ClCompile>
    <ClCompile Include="Source\Engine\billboard_component.cpp">
      <Filter>Source\Components</Filter>
    </ClCompile>
    <ClCompile Include="Source\Engine\collision_component.cpp">
      <Filter>Source\Components</Filter>
    </ClCompile>
    <ClCompile Include="Source\Engine\geometric_primitive_component.cpp">
      <Filter>Source\Components</Filter>
    </ClCompile>
    <ClCompile Include="Source\Engine\fbx_model_component.cpp">
      <Filter>Source\Components</Filter>
    </ClCompile>
    <ClCompile Include="Source\Engine\obj_model_component.cpp">
      <Filter>Source\Components</Filter>
    </ClCompile>
    <ClCompile Include="Source\Engine\sky_box.cpp">
      <Filter>Source\Components</Filter>
    </ClCompile>
    <ClCompile Include="Source\Engine\sphere_collision_component.cpp">
      <Filter>Source\Components</Filter>
    </ClCompile>
    <ClCompile Include="Source\Engine\transform_component.cpp">
      <Filter>Source\Components</Filter>
    </ClCompile>
    <ClCompile Include="Source\Engine\anim_sprite.cpp">
      <Filter>Source\Components</Filter>
    </ClCompile>
    <ClCompile Include="Source\Engine\camera_operation.cpp">
      <Filter>Source\Components</Filter>
    </ClCompile>
    <ClCompile Include="Source\Engine\child_actor.cpp">
      <Filter>Source\Components</Filter>
    </ClCompile>
    <ClCompile Include="Source\Engine\inner_sphere_collision.cpp">
      <Filter>Source\Components</Filter>
    </ClCompile>
    <ClCompile Include="Source\Engine\sprite.cpp">
      <Filter>Source\Components</Filter>
    </ClCompile>
    <ClCompile Include="Libraries\imgui\imgui.cpp">
      <Filter>Source\ImGui</Filter>
    </ClCompile>
    <ClCompile Include="Libraries\imgui\imgui_draw.cpp">
      <Filter>Source\ImGui</Filter>
    </ClCompile>
    <ClCompile Include="Libraries\imgui\imgui_demo.cpp">
      <Filter>Source\ImGui</Filter>
    </ClCompile>
    <ClCompile Include="Libraries\imgui\imgui_impl_dx11.cpp">
      <Filter>Source\ImGui</Filter>
    </ClCompile>
    <ClCompile Include="Libraries\imgui\imgui_impl_win32.cpp">
      <Filter>Source\ImGui</Filter>
    </ClCompile>
    <ClCompile Include="Libraries\imgui\imgui_widgets.cpp">
      <Filter>Source\ImGui</Filter>
    </ClCompile>
    <ClCompile Include="Libraries\imgui\imgui_tables.cpp">
      <Filter>Source\ImGui</Filter>
    </ClCompile>
    <ClCompile Include="Source\Engine\imgui_manager.cpp">
      <Filter>Source\ImGui</Filter>
    </ClCompile>
    <ClCompile Include="Source\Engine\mesh_object.cpp">
      <Filter>Source\Components</Filter>
    </ClCompile>
    <ClCompile Include="Source\Engine\3d_standard.cpp">
      <Filter>Source\Shader%28.cpp%29</Filter>
    </ClCompile>
    <ClCompile Include="Source\Engine\bloom.cpp">
      <Filter>Source\Shader%28.cpp%29</Filter>
    </ClCompile>
    <ClCompile Include="Source\Engine\diffuse.cpp">
      <Filter>Source\Shader%28.cpp%29</Filter>
    </ClCompile>
    <ClCompile Include="Source\Engine\metal.cpp">
      <Filter>Source\Shader%28.cpp%29</Filter>
    </ClCompile>
    <ClCompile Include="Source\Engine\phong.cpp">
      <Filter>Source\Shader%28.cpp%29</Filter>
    </ClCompile>
    <ClCompile Include="Source\Engine\reflection_mapping.cpp">
      <Filter>Source\Shader%28.cpp%29</Filter>
    </ClCompile>
    <ClCompile Include="Source\Engine\refraction_mapping.cpp">
      <Filter>Source\Shader%28.cpp%29</Filter>
    </ClCompile>
    <ClCompile Include="Source\Engine\shader.cpp">
      <Filter>Source\Shader%28.cpp%29</Filter>
    </ClCompile>
    <ClCompile Include="Source\Engine\shader_manager.cpp">
      <Filter>Source\Shader%28.cpp%29</Filter>
    </ClCompile>
    <ClCompile Include="Source\Engine\shadow_map.cpp">
      <Filter>Source\Shader%28.cpp%29</Filter>
    </ClCompile>
    <ClCompile Include="Source\Engine\single_color.cpp">
      <Filter>Source\Shader%28.cpp%29</Filter>
    </ClCompile>
    <ClCompile Include="Source\Engine\sobel_filter.cpp">
      <Filter>Source\Shader%28.cpp%29</Filter>
    </ClCompile>
    <ClCompile Include="Source\Engine\spot_light.cpp">
      <Filter>Source\Shader%28.cpp%29</Filter>
    </ClCompile>
    <ClCompile Include="Source\Engine\texture2d_shader.cpp">
      <Filter>Source\Shader%28.cpp%29</Filter>
    </ClCompile>
    <ClCompile Include="Source\Engine\toon.cpp">
      <Filter>Source\Shader%28.cpp%29</Filter>
    </ClCompile>
    <ClCompile Include="Source\Engine\standard_sprite.cpp">
      <Filter>Source\Shader%28.cpp%29</Filter>
    </ClCompile>
    <ClCompile Include="Source\Engine\arithmetic.cpp">
      <Filter>Source\System</Filter>
    </ClCompile>
    <ClCompile Include="Source\Engine\blend.cpp">
      <Filter>Source\System</Filter>
    </ClCompile>
    <ClCompile Include="Source\Engine\camera_work.cpp">
      <Filter>Source\System</Filter>
    </ClCompile>
    <ClCompile Include="Source\Engine\collision.cpp">
      <Filter>Source\System</Filter>
    </ClCompile>
    <ClCompile Include="Source\Engine\component_list.cpp">
      <Filter>Source\System</Filter>
    </ClCompile>
    <ClCompile Include="Source\Engine\constant_buffer.cpp">
      <Filter>Source\System</Filter>
    </ClCompile>
    <ClCompile Include="Source\Engine\content_brawser.cpp">
      <Filter>Source\System</Filter>
    </ClCompile>
    <ClCompile Include="Source\Engine\depth_stencil.cpp">
      <Filter>Source\System</Filter>
    </ClCompile>
    <ClCompile Include="Source\Engine\dx11_configurator.cpp">
      <Filter>Source\System</Filter>
    </ClCompile>
    <ClCompile Include="Source\Engine\easing.cpp">
      <Filter>Source\System</Filter>
    </ClCompile>
    <ClCompile Include="Source\Engine\ecs.cpp">
      <Filter>Source\System</Filter>
    </ClCompile>
    <ClCompile Include="Source\Engine\editor_manager.cpp">
      <Filter>Source\System</Filter>
    </ClCompile>
    <ClCompile Include="Source\Engine\fbx_model_resource.cpp">
      <Filter>Source\System</Filter>
    </ClCompile>
    <ClCompile Include="Source\Engine\frame_buffer.cpp">
      <Filter>Source\System</Filter>
    </ClCompile>
    <ClCompile Include="Source\Engine\framework.cpp">
      <Filter>Source\System</Filter>
    </ClCompile>
    <ClCompile Include="Source\Engine\fullscreen_quad.cpp">
      <Filter>Source\System</Filter>
    </ClCompile>
    <ClCompile Include="Source\Engine\geometric_primitive_resource.cpp">
      <Filter>Source\System</Filter>
    </ClCompile>
    <ClCompile Include="Source\Engine\input_device.cpp">
      <Filter>Source\System</Filter>
    </ClCompile>
    <ClCompile Include="Source\Engine\input_manager.cpp">
      <Filter>Source\System</Filter>
    </ClCompile>
    <ClCompile Include="Source\Engine\input_system.cpp">
      <Filter>Source\System</Filter>
    </ClCompile>
    <ClCompile Include="Source\Engine\InputManager.cpp">
      <Filter>Source\System</Filter>
    </ClCompile>
    <ClCompile Include="Source\Engine\light.cpp">
      <Filter>Source\System</Filter>
    </ClCompile>
    <ClCompile Include="Source\Engine\Logger.cpp">
      <Filter>Source\System</Filter>
    </ClCompile>
    <ClCompile Include="Source\Engine\model_data.cpp">
      <Filter>Source\System</Filter>
    </ClCompile>
    <ClCompile Include="Source\Engine\rasterize.cpp">
      <Filter>Source\System</Filter>
    </ClCompile>
    <ClCompile Include="Source\Engine\rendering_buffer.cpp">
      <Filter>Source\System</Filter>
    </ClCompile>
    <ClCompile Include="Source\Engine\resource_manager.cpp">
      <Filter>Source\System</Filter>
    </ClCompile>
    <ClCompile Include="Source\Engine\sampler.cpp">
      <Filter>Source\System</Filter>
    </ClCompile>
    <ClCompile Include="Source\Engine\Sound.cpp">
      <Filter>Source\System</Filter>
    </ClCompile>
    <ClCompile Include="Source\Game\sound_resource.cpp">
      <Filter>Source\System</Filter>
    </ClCompile>
    <ClCompile Include="Source\Engine\sprite_renderer.cpp">
      <Filter>Source\System</Filter>
    </ClCompile>
    <ClCompile Include="Source\Engine\string_helper.cpp">
      <Filter>Source\System</Filter>
    </ClCompile>
    <ClCompile Include="Source\Engine\texture.cpp">
      <Filter>Source\System</Filter>
    </ClCompile>
    <ClCompile Include="Source\Engine\transform.cpp">
      <Filter>Source\System</Filter>
    </ClCompile>
    <ClCompile Include="Source\Engine\view.cpp">
      <Filter>Source\System</Filter>
    </ClCompile>
    <ClCompile Include="Source\Engine\window.cpp">
      <Filter>Source\System</Filter>
    </ClCompile>
    <ClCompile Include="Source\test_animation_character.cpp">
      <Filter>Sample</Filter>
    </ClCompile>
    <ClCompile Include="Source\Game\test_mesh_particle.cpp">
      <Filter>Sample</Filter>
    </ClCompile>
    <ClCompile Include="Source\Engine\model_render.cpp">
      <Filter>Source\Render</Filter>
    </ClCompile>
    <ClCompile Include="Source\Engine\main.cpp">
      <Filter>Source</Filter>
    </ClCompile>
    <ClCompile Include="Source\Engine\mesh_particle.cpp">
      <Filter>Source\Components</Filter>
    </ClCompile>
    <ClCompile Include="Source\Engine\sprite_object.cpp">
      <Filter>Source\Components</Filter>
    </ClCompile>
    <ClCompile Include="Source\Engine\file_path_helper.cpp">
      <Filter>Source\System</Filter>
    </ClCompile>
    <ClCompile Include="Source\Engine\render_path.cpp">
      <Filter>Source\System</Filter>
    </ClCompile>
    <ClCompile Include="Source\Engine\shader_filename_mapping.cpp">
      <Filter>Source\System</Filter>
    </ClCompile>
    <ClCompile Include="Source\Engine\depth_map.cpp">
      <Filter>Source\System</Filter>
    </ClCompile>
    <ClCompile Include="Source\Engine\component_base.cpp">
      <Filter>Source\Components</Filter>
    </ClCompile>
  </ItemGroup>
  <ItemGroup>
    <ClInclude Include="Source\Engine\scene.h">
      <Filter>Header\Scene</Filter>
    </ClInclude>
    <ClInclude Include="Source\Engine\scene_game.h">
      <Filter>Header\Scene</Filter>
    </ClInclude>
    <ClInclude Include="Source\Engine\scene_load.h">
      <Filter>Header\Scene</Filter>
    </ClInclude>
    <ClInclude Include="Source\Engine\scene_title.h">
      <Filter>Header\Scene</Filter>
    </ClInclude>
    <ClInclude Include="Source\Engine\scene_tutorial.h">
      <Filter>Header\Scene</Filter>
    </ClInclude>
    <ClInclude Include="Source\Engine\gaussian_blur.h">
      <Filter>Header\Shader%28.h%29</Filter>
    </ClInclude>
    <ClInclude Include="Source\Engine\actor_component.h">
      <Filter>Header\Components</Filter>
    </ClInclude>
    <ClInclude Include="Source\Engine\anim_sprite.h">
      <Filter>Header\Components</Filter>
    </ClInclude>
    <ClInclude Include="Source\Engine\billboard_component.h">
      <Filter>Header\Components</Filter>
    </ClInclude>
    <ClInclude Include="Source\Engine\camera_operation.h">
      <Filter>Header\Components</Filter>
    </ClInclude>
    <ClInclude Include="Source\Engine\child_actor.h">
      <Filter>Header\Components</Filter>
    </ClInclude>
    <ClInclude Include="Source\Engine\collision_component.h">
      <Filter>Header\Components</Filter>
    </ClInclude>
    <ClInclude Include="Source\Engine\ecs.h">
      <Filter>Header\Components</Filter>
    </ClInclude>
    <ClInclude Include="Source\Engine\fbx_model_component.h">
      <Filter>Header\Components</Filter>
    </ClInclude>
    <ClInclude Include="Source\Engine\geometric_primitive_component.h">
      <Filter>Header\Components</Filter>
    </ClInclude>
    <ClInclude Include="Source\Engine\inner_sphere_collision.h">
      <Filter>Header\Components</Filter>
    </ClInclude>
    <ClInclude Include="Source\Engine\obj_model_component.h">
      <Filter>Header\Components</Filter>
    </ClInclude>
    <ClInclude Include="Source\Engine\sphere_collision_component.h">
      <Filter>Header\Components</Filter>
    </ClInclude>
    <ClInclude Include="Source\Engine\sprite.h">
      <Filter>Header\Components</Filter>
    </ClInclude>
    <ClInclude Include="Source\Engine\transform_component.h">
      <Filter>Header\Components</Filter>
    </ClInclude>
    <ClInclude Include="Libraries\imgui\imconfig.h">
      <Filter>Header\ImGui</Filter>
    </ClInclude>
    <ClInclude Include="Libraries\imgui\imgui.h">
      <Filter>Header\ImGui</Filter>
    </ClInclude>
    <ClInclude Include="Source\Engine\imgui_helper.h">
      <Filter>Header\ImGui</Filter>
    </ClInclude>
    <ClInclude Include="Libraries\imgui\imgui_impl_dx11.h">
      <Filter>Header\ImGui</Filter>
    </ClInclude>
    <ClInclude Include="Libraries\imgui\imgui_impl_win32.h">
      <Filter>Header\ImGui</Filter>
    </ClInclude>
    <ClInclude Include="Libraries\imgui\imgui_internal.h">
      <Filter>Header\ImGui</Filter>
    </ClInclude>
    <ClInclude Include="Source\Engine\imgui_manager.h">
      <Filter>Header\ImGui</Filter>
    </ClInclude>
    <ClInclude Include="Libraries\imgui\imstb_rectpack.h">
      <Filter>Header\ImGui</Filter>
    </ClInclude>
    <ClInclude Include="Libraries\imgui\imstb_textedit.h">
      <Filter>Header\ImGui</Filter>
    </ClInclude>
    <ClInclude Include="Libraries\imgui\imstb_truetype.h">
      <Filter>Header\ImGui</Filter>
    </ClInclude>
    <ClInclude Include="Source\Engine\mesh_object.h">
      <Filter>Header\Components</Filter>
    </ClInclude>
    <ClInclude Include="Source\Engine\toon.h">
      <Filter>Header\Shader%28.h%29</Filter>
    </ClInclude>
    <ClInclude Include="Source\Engine\texture2d_shader.h">
      <Filter>Header\Shader%28.h%29</Filter>
    </ClInclude>
    <ClInclude Include="Source\Engine\standard_sprite.h">
      <Filter>Header\Shader%28.h%29</Filter>
    </ClInclude>
    <ClInclude Include="Source\Engine\spot_light.h">
      <Filter>Header\Shader%28.h%29</Filter>
    </ClInclude>
    <ClInclude Include="Source\Engine\sobel_filter.h">
      <Filter>Header\Shader%28.h%29</Filter>
    </ClInclude>
    <ClInclude Include="Source\Engine\single_color.h">
      <Filter>Header\Shader%28.h%29</Filter>
    </ClInclude>
    <ClInclude Include="Source\Engine\shadow_map.h">
      <Filter>Header\Shader%28.h%29</Filter>
    </ClInclude>
    <ClInclude Include="Source\Engine\shader_manager.h">
      <Filter>Header\Shader%28.h%29</Filter>
    </ClInclude>
    <ClInclude Include="Source\Engine\shader.h">
      <Filter>Header\Shader%28.h%29</Filter>
    </ClInclude>
    <ClInclude Include="Source\Engine\refraction_mapping.h">
      <Filter>Header\Shader%28.h%29</Filter>
    </ClInclude>
    <ClInclude Include="Source\Engine\reflection_mapping.h">
      <Filter>Header\Shader%28.h%29</Filter>
    </ClInclude>
    <ClInclude Include="Source\Engine\phong.h">
      <Filter>Header\Shader%28.h%29</Filter>
    </ClInclude>
    <ClInclude Include="Source\Engine\metal.h">
      <Filter>Header\Shader%28.h%29</Filter>
    </ClInclude>
    <ClInclude Include="Source\Engine\diffuse.h">
      <Filter>Header\Shader%28.h%29</Filter>
    </ClInclude>
    <ClInclude Include="Source\Engine\bloom.h">
      <Filter>Header\Shader%28.h%29</Filter>
    </ClInclude>
    <ClInclude Include="Source\Engine\3d_standard.h">
      <Filter>Header\Shader%28.h%29</Filter>
    </ClInclude>
    <ClInclude Include="Source\test_animation_character.h">
      <Filter>Sample</Filter>
    </ClInclude>
    <ClInclude Include="Source\Game\test_mesh_particle.h">
      <Filter>Sample</Filter>
    </ClInclude>
    <ClInclude Include="Source\Engine\arithmetic.h">
      <Filter>Header\System</Filter>
    </ClInclude>
    <ClInclude Include="Source\Engine\blend.h">
      <Filter>Header\System</Filter>
    </ClInclude>
    <ClInclude Include="Source\Engine\camera_work.h">
      <Filter>Header\System</Filter>
    </ClInclude>
    <ClInclude Include="Source\Engine\cereal_helper.h">
      <Filter>Header\System</Filter>
    </ClInclude>
    <ClInclude Include="Source\Engine\collision.h">
      <Filter>Header\System</Filter>
    </ClInclude>
    <ClInclude Include="Source\Engine\component_list.h">
      <Filter>Header\System</Filter>
    </ClInclude>
    <ClInclude Include="Source\Engine\constant_buffer.h">
      <Filter>Header\System</Filter>
    </ClInclude>
    <ClInclude Include="Source\Engine\content_browser.h">
      <Filter>Header\System</Filter>
    </ClInclude>
    <ClInclude Include="Source\Engine\depth_stencil.h">
      <Filter>Header\System</Filter>
    </ClInclude>
    <ClInclude Include="Source\Engine\dx11_configurator.h">
      <Filter>Header\System</Filter>
    </ClInclude>
    <ClInclude Include="Source\Engine\easing.h">
      <Filter>Header\System</Filter>
    </ClInclude>
    <ClInclude Include="Source\Engine\editor_manager.h">
      <Filter>Header\System</Filter>
    </ClInclude>
    <ClInclude Include="Source\Engine\fbx_model_resource.h">
      <Filter>Header\System</Filter>
    </ClInclude>
    <ClInclude Include="Source\Engine\frame_buffer.h">
      <Filter>Header\System</Filter>
    </ClInclude>
    <ClInclude Include="Source\Engine\framework.h">
      <Filter>Header\System</Filter>
    </ClInclude>
    <ClInclude Include="Source\Engine\fullscreen_quad.h">
      <Filter>Header\System</Filter>
    </ClInclude>
    <ClInclude Include="Source\Engine\generic.h">
      <Filter>Header\System</Filter>
    </ClInclude>
    <ClInclude Include="Source\Engine\geometric_primitive_resource.h">
      <Filter>Header\System</Filter>
    </ClInclude>
    <ClInclude Include="Source\Engine\high_resolution_timer.h">
      <Filter>Header\System</Filter>
    </ClInclude>
    <ClInclude Include="Source\Engine\input_device.h">
      <Filter>Header\System</Filter>
    </ClInclude>
    <ClInclude Include="Source\Engine\input_manager.h">
      <Filter>Header\System</Filter>
    </ClInclude>
    <ClInclude Include="Source\Engine\input_system.h">
      <Filter>Header\System</Filter>
    </ClInclude>
    <ClInclude Include="Source\Engine\InputManager.h">
      <Filter>Header\System</Filter>
    </ClInclude>
    <ClInclude Include="Source\Engine\light.h">
      <Filter>Header\System</Filter>
    </ClInclude>
    <ClInclude Include="Source\Engine\locator.h">
      <Filter>Header\System</Filter>
    </ClInclude>
    <ClInclude Include="Source\Engine\Logger.h">
      <Filter>Header\System</Filter>
    </ClInclude>
    <ClInclude Include="Source\Engine\Misc.h">
      <Filter>Header\System</Filter>
    </ClInclude>
    <ClInclude Include="Source\Engine\model_data.h">
      <Filter>Header\System</Filter>
    </ClInclude>
    <ClInclude Include="Source\Engine\rasterizer.h">
      <Filter>Header\System</Filter>
    </ClInclude>
    <ClInclude Include="Source\Engine\rendering_buffer.h">
      <Filter>Header\System</Filter>
    </ClInclude>
    <ClInclude Include="Source\Engine\sampler.h">
      <Filter>Header\System</Filter>
    </ClInclude>
    <ClInclude Include="Source\Engine\Sound.h">
      <Filter>Header\System</Filter>
    </ClInclude>
    <ClInclude Include="Source\Game\sound_resource.h">
      <Filter>Header\System</Filter>
    </ClInclude>
    <ClInclude Include="Source\Engine\sprite_renderer.h">
      <Filter>Header\System</Filter>
    </ClInclude>
    <ClInclude Include="Source\Engine\state_machine.h">
      <Filter>Header\System</Filter>
    </ClInclude>
    <ClInclude Include="Source\Engine\string_helper.h">
      <Filter>Header\System</Filter>
    </ClInclude>
    <ClInclude Include="Source\Engine\texture.h">
      <Filter>Header\System</Filter>
    </ClInclude>
    <ClInclude Include="Source\Engine\transform.h">
      <Filter>Header\System</Filter>
    </ClInclude>
    <ClInclude Include="Source\Engine\vertex_buffer.h">
      <Filter>Header\System</Filter>
    </ClInclude>
    <ClInclude Include="Source\Engine\view.h">
      <Filter>Header\System</Filter>
    </ClInclude>
    <ClInclude Include="Source\Engine\window.h">
      <Filter>Header\System</Filter>
    </ClInclude>
    <ClInclude Include="Source\Engine\model_render.h">
      <Filter>Header\Render</Filter>
    </ClInclude>
    <ClInclude Include="Source\Engine\mesh_particle.h">
      <Filter>Header\Components</Filter>
    </ClInclude>
    <ClInclude Include="Source\Game\rotation_sample.h">
      <Filter>Sample</Filter>
    </ClInclude>
    <ClInclude Include="Source\Engine\sprite_object.h">
      <Filter>Header\Components</Filter>
    </ClInclude>
    <ClInclude Include="Source\Engine\enum_state_map.h">
      <Filter>Header\System</Filter>
    </ClInclude>
    <ClInclude Include="Source\Engine\component_base.h">
      <Filter>Header\Components</Filter>
    </ClInclude>
    <ClInclude Include="Source\Engine\file_path_helper.h">
      <Filter>Header\System</Filter>
    </ClInclude>
    <ClInclude Include="Source\Engine\render_path.h">
      <Filter>Header\Render</Filter>
    </ClInclude>
    <ClInclude Include="Source\Engine\depth_map.h">
      <Filter>Header\System</Filter>
    </ClInclude>
    <ClInclude Include="Source\Engine\type_rename.h">
      <Filter>Header\System</Filter>
    </ClInclude>
    <ClInclude Include="Source\Engine\sampler_mapping.h">
      <Filter>Header\System\Mapping</Filter>
    </ClInclude>
    <ClInclude Include="Source\Engine\texture_resource_mapping.h">
      <Filter>Header\System\Mapping</Filter>
    </ClInclude>
    <ClInclude Include="Source\Engine\shader_filename_mapping.h">
      <Filter>Header\System\Mapping</Filter>
    </ClInclude>
    <ClInclude Include="Source\Engine\graphics_mapping.h">
      <Filter>Header\System\Mapping</Filter>
    </ClInclude>
    <ClInclude Include="Source\Engine\rename_type_mapping.h">
      <Filter>Header\System\Mapping</Filter>
    </ClInclude>
    <ClInclude Include="Source\Engine\sky_box.h">
      <Filter>Header\Components</Filter>
    </ClInclude>
    <ClInclude Include="Source\Engine\resource_manager.h">
      <Filter>Header\System</Filter>
    </ClInclude>
    <ClInclude Include="Source\Engine\shader_interop.h">
      <Filter>Header\System\Mapping</Filter>
    </ClInclude>
    <ClInclude Include="Source\Engine\constant_buffer_mapping.h">
      <Filter>Header\System\Mapping</Filter>
    </ClInclude>
    <ClInclude Include="Source\Engine\shader_interop_renderer.h">
      <Filter>Header\System\Mapping</Filter>
    </ClInclude>
  </ItemGroup>
  <ItemGroup>
    <ResourceCompile Include="Cumulonimbus.rc" />
  </ItemGroup>
  <ItemGroup>
    <None Include="Shader\3d_standard.hlsli">
      <Filter>Shader%28HLSL%29</Filter>
    </None>
    <None Include="Shader\bloom.hlsli">
      <Filter>Shader%28HLSL%29</Filter>
    </None>
    <None Include="Shader\cook_torrance.hlsli">
      <Filter>Shader%28HLSL%29</Filter>
    </None>
    <None Include="Shader\diffuse.hlsli">
      <Filter>Shader%28HLSL%29</Filter>
    </None>
    <None Include="Shader\functions.hlsli">
      <Filter>Shader%28HLSL%29</Filter>
    </None>
    <None Include="Shader\general.hlsli">
      <Filter>Shader%28HLSL%29</Filter>
    </None>
    <None Include="Shader\monochrome.hlsli">
      <Filter>Shader%28HLSL%29</Filter>
    </None>
    <None Include="Shader\phong.hlsli">
      <Filter>Shader%28HLSL%29</Filter>
    </None>
    <None Include="Shader\shadow_map.hlsli">
      <Filter>Shader%28HLSL%29</Filter>
    </None>
    <None Include="Shader\single_color.hlsli">
      <Filter>Shader%28HLSL%29</Filter>
    </None>
    <None Include="Shader\sorbel_filter.hlsli">
      <Filter>Shader%28HLSL%29</Filter>
    </None>
    <None Include="Shader\spot_light.hlsli">
      <Filter>Shader%28HLSL%29</Filter>
    </None>
    <None Include="Shader\sprite2d.hlsli">
      <Filter>Shader%28HLSL%29</Filter>
    </None>
    <None Include="Shader\toon.hlsli">
      <Filter>Shader%28HLSL%29</Filter>
    </None>
    <None Include="Shader\shadow_functions.hlsli">
      <Filter>Shader%28HLSL%29</Filter>
    </None>
    <None Include="Shader\shader_resource_mapping.hlsli">
      <Filter>Shader%28HLSL%29</Filter>
    </None>
    <None Include="ClassDiagram.cd" />
  </ItemGroup>
  <ItemGroup>
    <Filter Include="Header">
      <UniqueIdentifier>{97dea645-7d05-42dc-a5fc-5adf43230565}</UniqueIdentifier>
    </Filter>
    <Filter Include="Source">
      <UniqueIdentifier>{7b4008a3-d933-4f8a-b221-466608937025}</UniqueIdentifier>
    </Filter>
    <Filter Include="Source\Scene">
      <UniqueIdentifier>{62c5f888-7585-43e5-a489-4810e47b39db}</UniqueIdentifier>
    </Filter>
    <Filter Include="Header\Scene">
      <UniqueIdentifier>{fdb9ee14-712f-404b-aa91-9250cc62dfdd}</UniqueIdentifier>
    </Filter>
    <Filter Include="Shader%28HLSL%29">
      <UniqueIdentifier>{502b13e1-5329-4d21-9ab3-7b11b51e65a7}</UniqueIdentifier>
    </Filter>
    <Filter Include="Source\Shader%28.cpp%29">
      <UniqueIdentifier>{9caec17c-7fc9-4117-8575-ed9a48531c9b}</UniqueIdentifier>
    </Filter>
    <Filter Include="Header\Shader%28.h%29">
      <UniqueIdentifier>{9055ecd8-3f54-4989-8ba7-9c486755e70d}</UniqueIdentifier>
    </Filter>
    <Filter Include="Source\Components">
      <UniqueIdentifier>{8984d312-d21d-46d4-912c-aabc6c96287a}</UniqueIdentifier>
    </Filter>
    <Filter Include="Header\Components">
      <UniqueIdentifier>{28841f96-02a3-4ac3-93de-143b3b64df4a}</UniqueIdentifier>
    </Filter>
    <Filter Include="Source\ImGui">
      <UniqueIdentifier>{73fe82e0-36fd-44ea-b9f1-bcc6bbc349ce}</UniqueIdentifier>
    </Filter>
    <Filter Include="Header\ImGui">
      <UniqueIdentifier>{7a8b2c0f-8b33-4638-97f9-8c7cf8099501}</UniqueIdentifier>
    </Filter>
    <Filter Include="Source\System">
      <UniqueIdentifier>{a2d7d88c-9d13-48d3-94ad-f17b58026e2a}</UniqueIdentifier>
    </Filter>
    <Filter Include="Sample">
      <UniqueIdentifier>{03982cba-4776-4550-8bdf-3ff24f6e0613}</UniqueIdentifier>
    </Filter>
    <Filter Include="Source\Render">
      <UniqueIdentifier>{7077093f-e2f3-4b41-807a-eece399727e9}</UniqueIdentifier>
    </Filter>
    <Filter Include="Header\Render">
      <UniqueIdentifier>{bd615eb2-0ac7-4cd7-9306-0af089fc8c29}</UniqueIdentifier>
    </Filter>
    <Filter Include="Header\System">
      <UniqueIdentifier>{d757200f-4014-4ab9-895d-5a0c27104d20}</UniqueIdentifier>
    </Filter>
    <Filter Include="Header\System\Mapping">
      <UniqueIdentifier>{bda1b557-cfe0-41a5-b9e9-7d017a13d137}</UniqueIdentifier>
    </Filter>
  </ItemGroup>
</Project>